
Microsoft Visual Studio Solution File, Format Version 12.00
# Visual Studio Version 17
VisualStudioVersion = 17.4.33110.190
MinimumVisualStudioVersion = 10.0.40219.1
Project("{FAE04EC0-301F-11D3-BF4B-00C04F79EFBC}") = "H2StyleStore", "H2StyleStore\H2StyleStore.csproj", "{23FACC83-4FB4-4214-BA44-45F2774305CC}"
EndProject
Project("{2150E333-8FDC-42A3-9474-1A3956D46DE8}") = "方案項目", "方案項目", "{DB41030F-B5E8-4098-B589-9F1B7B076F9A}"
EndProject
Project("{9A19103F-16F7-4668-BE54-9A1E7A4F7556}") = "HStyleApi", "HStyleApi\HStyleApi.csproj", "{EBEB8862-4B7F-4A1B-B7C4-0F35BAFAB61C}"
EndProject
Project("{FAE04EC0-301F-11D3-BF4B-00C04F79EFBC}") = "ScheduleWork", "ScheduleWork\ScheduleWork.csproj", "{867A0591-A72B-473E-B245-480A453D103B}"
EndProject
Global
	GlobalSection(SolutionConfigurationPlatforms) = preSolution
		Debug|Any CPU = Debug|Any CPU
		Release|Any CPU = Release|Any CPU
	EndGlobalSection
	GlobalSection(ProjectConfigurationPlatforms) = postSolution
		{23FACC83-4FB4-4214-BA44-45F2774305CC}.Debug|Any CPU.ActiveCfg = Debug|Any CPU
		{23FACC83-4FB4-4214-BA44-45F2774305CC}.Debug|Any CPU.Build.0 = Debug|Any CPU
		{23FACC83-4FB4-4214-BA44-45F2774305CC}.Release|Any CPU.ActiveCfg = Release|Any CPU
		{23FACC83-4FB4-4214-BA44-45F2774305CC}.Release|Any CPU.Build.0 = Release|Any CPU
		{EBEB8862-4B7F-4A1B-B7C4-0F35BAFAB61C}.Debug|Any CPU.ActiveCfg = Debug|Any CPU
		{EBEB8862-4B7F-4A1B-B7C4-0F35BAFAB61C}.Debug|Any CPU.Build.0 = Debug|Any CPU
		{EBEB8862-4B7F-4A1B-B7C4-0F35BAFAB61C}.Release|Any CPU.ActiveCfg = Release|Any CPU
		{EBEB8862-4B7F-4A1B-B7C4-0F35BAFAB61C}.Release|Any CPU.Build.0 = Release|Any CPU
		{867A0591-A72B-473E-B245-480A453D103B}.Debug|Any CPU.ActiveCfg = Debug|Any CPU
		{867A0591-A72B-473E-B245-480A453D103B}.Debug|Any CPU.Build.0 = Debug|Any CPU
		{867A0591-A72B-473E-B245-480A453D103B}.Release|Any CPU.ActiveCfg = Release|Any CPU
		{867A0591-A72B-473E-B245-480A453D103B}.Release|Any CPU.Build.0 = Release|Any CPU
	EndGlobalSection
	GlobalSection(SolutionProperties) = preSolution
		HideSolutionNode = FALSE
	EndGlobalSection
	GlobalSection(ExtensibilityGlobals) = postSolution
		SolutionGuid = {93773217-BC89-4226-BBDE-CFD58FBCD508}
	EndGlobalSection
EndGlobal
